
Microsoft Visual Studio Solution File, Format Version 12.00
# Visual Studio Express 2012 for Windows Desktop
Project("{FAE04EC0-301F-11D3-BF4B-00C04F79EFBC}") = "Problem 5. Print Your Name", "Problem 5. Print Your Name\Problem 5. Print Your Name.csproj", "{2B6B7212-BD9D-4271-A752-B56565EB30EB}"
EndProject
Project("{FAE04EC0-301F-11D3-BF4B-00C04F79EFBC}") = "Problem 6. Print Numbers", "Problem 6. Print Numbers\Problem 6. Print Numbers.csproj", "{266BE556-D6DF-4B9F-86C3-9656DA2E5CD8}"
EndProject
Project("{FAE04EC0-301F-11D3-BF4B-00C04F79EFBC}") = "Problem 7. Print First and Last Name", "Problem 7. Print First and Last Name\Problem 7. Print First and Last Name.csproj", "{A28DC152-BB3C-42D7-A65A-500CA586DEB7}"
EndProject
Project("{FAE04EC0-301F-11D3-BF4B-00C04F79EFBC}") = "Problem 8. Square Root", "Problem 8. Square Root\Problem 8. Square Root.csproj", "{B6C39449-5C60-4866-B6F0-66D646E6EAD7}"
EndProject
Project("{FAE04EC0-301F-11D3-BF4B-00C04F79EFBC}") = "Problem 9. Print a Sequence", "Problem 9. Print a Sequence\Problem 9. Print a Sequence.csproj", "{20FCFC65-F4B6-422C-892F-B4F825D9B377}"
EndProject
Project("{FAE04EC0-301F-11D3-BF4B-00C04F79EFBC}") = "Problem 10. Reformat CSharp Code", "Problem 10. Reformat CSharp Code\Problem 10. Reformat CSharp Code.csproj", "{6D82D415-DAD7-4443-A6DC-1DFD14F2FBD5}"
EndProject
Project("{FAE04EC0-301F-11D3-BF4B-00C04F79EFBC}") = "Problem 4. Hello World", "Problem 4. Hello World\Problem 4. Hello World.csproj", "{62AFA5FD-6813-4730-9508-C021FEFBDF4B}"
EndProject
Global
	GlobalSection(SolutionConfigurationPlatforms) = preSolution
		Debug|Any CPU = Debug|Any CPU
		Release|Any CPU = Release|Any CPU
	EndGlobalSection
	GlobalSection(ProjectConfigurationPlatforms) = postSolution
		{2B6B7212-BD9D-4271-A752-B56565EB30EB}.Debug|Any CPU.ActiveCfg = Debug|Any CPU
		{2B6B7212-BD9D-4271-A752-B56565EB30EB}.Debug|Any CPU.Build.0 = Debug|Any CPU
		{2B6B7212-BD9D-4271-A752-B56565EB30EB}.Release|Any CPU.ActiveCfg = Release|Any CPU
		{2B6B7212-BD9D-4271-A752-B56565EB30EB}.Release|Any CPU.Build.0 = Release|Any CPU
		{266BE556-D6DF-4B9F-86C3-9656DA2E5CD8}.Debug|Any CPU.ActiveCfg = Debug|Any CPU
		{266BE556-D6DF-4B9F-86C3-9656DA2E5CD8}.Debug|Any CPU.Build.0 = Debug|Any CPU
		{266BE556-D6DF-4B9F-86C3-9656DA2E5CD8}.Release|Any CPU.ActiveCfg = Release|Any CPU
		{266BE556-D6DF-4B9F-86C3-9656DA2E5CD8}.Release|Any CPU.Build.0 = Release|Any CPU
		{A28DC152-BB3C-42D7-A65A-500CA586DEB7}.Debug|Any CPU.ActiveCfg = Debug|Any CPU
		{A28DC152-BB3C-42D7-A65A-500CA586DEB7}.Debug|Any CPU.Build.0 = Debug|Any CPU
		{A28DC152-BB3C-42D7-A65A-500CA586DEB7}.Release|Any CPU.ActiveCfg = Release|Any CPU
		{A28DC152-BB3C-42D7-A65A-500CA586DEB7}.Release|Any CPU.Build.0 = Release|Any CPU
		{B6C39449-5C60-4866-B6F0-66D646E6EAD7}.Debug|Any CPU.ActiveCfg = Debug|Any CPU
		{B6C39449-5C60-4866-B6F0-66D646E6EAD7}.Debug|Any CPU.Build.0 = Debug|Any CPU
		{B6C39449-5C60-4866-B6F0-66D646E6EAD7}.Release|Any CPU.ActiveCfg = Release|Any CPU
		{B6C39449-5C60-4866-B6F0-66D646E6EAD7}.Release|Any CPU.Build.0 = Release|Any CPU
		{20FCFC65-F4B6-422C-892F-B4F825D9B377}.Debug|Any CPU.ActiveCfg = Debug|Any CPU
		{20FCFC65-F4B6-422C-892F-B4F825D9B377}.Debug|Any CPU.Build.0 = Debug|Any CPU
		{20FCFC65-F4B6-422C-892F-B4F825D9B377}.Release|Any CPU.ActiveCfg = Release|Any CPU
		{20FCFC65-F4B6-422C-892F-B4F825D9B377}.Release|Any CPU.Build.0 = Release|Any CPU
		{6D82D415-DAD7-4443-A6DC-1DFD14F2FBD5}.Debug|Any CPU.ActiveCfg = Debug|Any CPU
		{6D82D415-DAD7-4443-A6DC-1DFD14F2FBD5}.Debug|Any CPU.Build.0 = Debug|Any CPU
		{6D82D415-DAD7-4443-A6DC-1DFD14F2FBD5}.Release|Any CPU.ActiveCfg = Release|Any CPU
		{6D82D415-DAD7-4443-A6DC-1DFD14F2FBD5}.Release|Any CPU.Build.0 = Release|Any CPU
		{62AFA5FD-6813-4730-9508-C021FEFBDF4B}.Debug|Any CPU.ActiveCfg = Debug|Any CPU
		{62AFA5FD-6813-4730-9508-C021FEFBDF4B}.Debug|Any CPU.Build.0 = Debug|Any CPU
		{62AFA5FD-6813-4730-9508-C021FEFBDF4B}.Release|Any CPU.ActiveCfg = Release|Any CPU
		{62AFA5FD-6813-4730-9508-C021FEFBDF4B}.Release|Any CPU.Build.0 = Release|Any CPU
	EndGlobalSection
	GlobalSection(SolutionProperties) = preSolution
		HideSolutionNode = FALSE
	EndGlobalSection
EndGlobal
